
Microsoft Visual Studio Solution File, Format Version 12.00
# Visual Studio Version 17
VisualStudioVersion = 17.4.33403.182
MinimumVisualStudioVersion = 10.0.40219.1
Project("{9A19103F-16F7-4668-BE54-9A1E7A4F7556}") = "BossRush", "BossRush.csproj", "{2A0757BE-C737-47C9-873F-2ECA7AA13D0A}"
EndProject
Global
	GlobalSection(SolutionConfigurationPlatforms) = preSolution
		Debug|Any CPU = Debug|Any CPU
		Release|Any CPU = Release|Any CPU
	EndGlobalSection
	GlobalSection(ProjectConfigurationPlatforms) = postSolution
		{2A0757BE-C737-47C9-873F-2ECA7AA13D0A}.Debug|Any CPU.ActiveCfg = Debug|Any CPU
		{2A0757BE-C737-47C9-873F-2ECA7AA13D0A}.Debug|Any CPU.Build.0 = Debug|Any CPU
		{2A0757BE-C737-47C9-873F-2ECA7AA13D0A}.Release|Any CPU.ActiveCfg = Release|Any CPU
		{2A0757BE-C737-47C9-873F-2ECA7AA13D0A}.Release|Any CPU.Build.0 = Release|Any CPU
	EndGlobalSection
	GlobalSection(SolutionProperties) = preSolution
		HideSolutionNode = FALSE
	EndGlobalSection
	GlobalSection(ExtensibilityGlobals) = postSolution
		SolutionGuid = {FAD0D767-8104-4636-92B7-845A9C30D961}
	EndGlobalSection
EndGlobal
